
Microsoft Visual Studio Solution File, Format Version 12.00
# Visual Studio Version 17
VisualStudioVersion = 17.0.32014.148
MinimumVisualStudioVersion = 10.0.40219.1
Project("{9A19103F-16F7-4668-BE54-9A1E7A4F7556}") = "StudentAdminPortal.API", "StudentAdminPortal.API\StudentAdminPortal.API.csproj", "{05E3BD4D-8BAA-435F-999B-5C7F64A16E83}"
EndProject
Global
	GlobalSection(SolutionConfigurationPlatforms) = preSolution
		Debug|Any CPU = Debug|Any CPU
		Release|Any CPU = Release|Any CPU
	EndGlobalSection
	GlobalSection(ProjectConfigurationPlatforms) = postSolution
		{05E3BD4D-8BAA-435F-999B-5C7F64A16E83}.Debug|Any CPU.ActiveCfg = Debug|Any CPU
		{05E3BD4D-8BAA-435F-999B-5C7F64A16E83}.Debug|Any CPU.Build.0 = Debug|Any CPU
		{05E3BD4D-8BAA-435F-999B-5C7F64A16E83}.Release|Any CPU.ActiveCfg = Release|Any CPU
		{05E3BD4D-8BAA-435F-999B-5C7F64A16E83}.Release|Any CPU.Build.0 = Release|Any CPU
	EndGlobalSection
	GlobalSection(SolutionProperties) = preSolution
		HideSolutionNode = FALSE
	EndGlobalSection
	GlobalSection(ExtensibilityGlobals) = postSolution
		SolutionGuid = {4665E8D5-9B56-423C-9687-A224E9E4D104}
	EndGlobalSection
EndGlobal
